
Microsoft Visual Studio Solution File, Format Version 12.00
# Visual Studio Version 16
VisualStudioVersion = 16.0.31624.102
MinimumVisualStudioVersion = 10.0.40219.1
Project("{9A19103F-16F7-4668-BE54-9A1E7A4F7556}") = "coreSessionManagementApplication", "coreSessionManagementApplication\coreSessionManagementApplication.csproj", "{CA655E5F-9B31-4870-8946-0444C98F6EE4}"
EndProject
Project("{9A19103F-16F7-4668-BE54-9A1E7A4F7556}") = "Seleniumautomation", "Seleniumautomation\Seleniumautomation.csproj", "{0E05A3D9-2687-4963-8947-7A52B2C80378}"
EndProject
Project("{FAE04EC0-301F-11D3-BF4B-00C04F79EFBC}") = "NUnitTest", "NUnitTest\NUnitTest.csproj", "{98BD8510-35ED-422B-9A32-BC2932711871}"
EndProject
Global
	GlobalSection(SolutionConfigurationPlatforms) = preSolution
		Debug|Any CPU = Debug|Any CPU
		Release|Any CPU = Release|Any CPU
	EndGlobalSection
	GlobalSection(ProjectConfigurationPlatforms) = postSolution
		{CA655E5F-9B31-4870-8946-0444C98F6EE4}.Debug|Any CPU.ActiveCfg = Debug|Any CPU
		{CA655E5F-9B31-4870-8946-0444C98F6EE4}.Debug|Any CPU.Build.0 = Debug|Any CPU
		{CA655E5F-9B31-4870-8946-0444C98F6EE4}.Release|Any CPU.ActiveCfg = Release|Any CPU
		{CA655E5F-9B31-4870-8946-0444C98F6EE4}.Release|Any CPU.Build.0 = Release|Any CPU
		{0E05A3D9-2687-4963-8947-7A52B2C80378}.Debug|Any CPU.ActiveCfg = Debug|Any CPU
		{0E05A3D9-2687-4963-8947-7A52B2C80378}.Debug|Any CPU.Build.0 = Debug|Any CPU
		{0E05A3D9-2687-4963-8947-7A52B2C80378}.Release|Any CPU.ActiveCfg = Release|Any CPU
		{0E05A3D9-2687-4963-8947-7A52B2C80378}.Release|Any CPU.Build.0 = Release|Any CPU
		{98BD8510-35ED-422B-9A32-BC2932711871}.Debug|Any CPU.ActiveCfg = Debug|Any CPU
		{98BD8510-35ED-422B-9A32-BC2932711871}.Debug|Any CPU.Build.0 = Debug|Any CPU
		{98BD8510-35ED-422B-9A32-BC2932711871}.Release|Any CPU.ActiveCfg = Release|Any CPU
		{98BD8510-35ED-422B-9A32-BC2932711871}.Release|Any CPU.Build.0 = Release|Any CPU
	EndGlobalSection
	GlobalSection(SolutionProperties) = preSolution
		HideSolutionNode = FALSE
	EndGlobalSection
	GlobalSection(ExtensibilityGlobals) = postSolution
		SolutionGuid = {00DB370E-9352-4A40-B575-0F289F3BFE73}
	EndGlobalSection
EndGlobal
